
Microsoft Visual Studio Solution File, Format Version 12.00
# Visual Studio Version 17
VisualStudioVersion = 17.9.34701.34
MinimumVisualStudioVersion = 10.0.40219.1
Project("{FAE04EC0-301F-11D3-BF4B-00C04F79EFBC}") = "BlazorRest", "BlazorRest\BlazorRest.csproj", "{02681EF3-3055-4F02-929F-42A116C8F360}"
EndProject
Global
	GlobalSection(SolutionConfigurationPlatforms) = preSolution
		Debug|Any CPU = Debug|Any CPU
		Release|Any CPU = Release|Any CPU
	EndGlobalSection
	GlobalSection(ProjectConfigurationPlatforms) = postSolution
		{02681EF3-3055-4F02-929F-42A116C8F360}.Debug|Any CPU.ActiveCfg = Debug|Any CPU
		{02681EF3-3055-4F02-929F-42A116C8F360}.Debug|Any CPU.Build.0 = Debug|Any CPU
		{02681EF3-3055-4F02-929F-42A116C8F360}.Release|Any CPU.ActiveCfg = Release|Any CPU
		{02681EF3-3055-4F02-929F-42A116C8F360}.Release|Any CPU.Build.0 = Release|Any CPU
	EndGlobalSection
	GlobalSection(SolutionProperties) = preSolution
		HideSolutionNode = FALSE
	EndGlobalSection
	GlobalSection(ExtensibilityGlobals) = postSolution
		SolutionGuid = {6431ACC8-4BA7-450A-A08B-BE8F924F9C30}
	EndGlobalSection
EndGlobal
